
Microsoft Visual Studio Solution File, Format Version 12.00
# Visual Studio Version 17
VisualStudioVersion = 17.14.37203.1 d17.14
MinimumVisualStudioVersion = 10.0.40219.1
Project("{FAE04EC0-301F-11D3-BF4B-00C04F79EFBC}") = "UDPChat", "UDPChat\UDPChat.csproj", "{31468254-C228-4F00-B8A3-4D4BA155FE25}"
EndProject
Global
	GlobalSection(SolutionConfigurationPlatforms) = preSolution
		Debug|Any CPU = Debug|Any CPU
		Release|Any CPU = Release|Any CPU
	EndGlobalSection
	GlobalSection(ProjectConfigurationPlatforms) = postSolution
		{31468254-C228-4F00-B8A3-4D4BA155FE25}.Debug|Any CPU.ActiveCfg = Debug|Any CPU
		{31468254-C228-4F00-B8A3-4D4BA155FE25}.Debug|Any CPU.Build.0 = Debug|Any CPU
		{31468254-C228-4F00-B8A3-4D4BA155FE25}.Release|Any CPU.ActiveCfg = Release|Any CPU
		{31468254-C228-4F00-B8A3-4D4BA155FE25}.Release|Any CPU.Build.0 = Release|Any CPU
	EndGlobalSection
	GlobalSection(SolutionProperties) = preSolution
		HideSolutionNode = FALSE
	EndGlobalSection
	GlobalSection(ExtensibilityGlobals) = postSolution
		SolutionGuid = {B8562BA0-AEAA-4755-8C65-5D875E8E2E0C}
	EndGlobalSection
EndGlobal
